
Microsoft Visual Studio Solution File, Format Version 12.00
# Visual Studio Version 17
VisualStudioVersion = 17.5.33530.505
MinimumVisualStudioVersion = 10.0.40219.1
Project("{FAE04EC0-301F-11D3-BF4B-00C04F79EFBC}") = "SLVP_Aflevering2", "SLVP_Aflevering2.csproj", "{373414B3-DA1E-4E99-A84D-999D7908CF9B}"
EndProject
Global
	GlobalSection(SolutionConfigurationPlatforms) = preSolution
		Debug|Any CPU = Debug|Any CPU
		Release|Any CPU = Release|Any CPU
	EndGlobalSection
	GlobalSection(ProjectConfigurationPlatforms) = postSolution
		{373414B3-DA1E-4E99-A84D-999D7908CF9B}.Debug|Any CPU.ActiveCfg = Debug|Any CPU
		{373414B3-DA1E-4E99-A84D-999D7908CF9B}.Debug|Any CPU.Build.0 = Debug|Any CPU
		{373414B3-DA1E-4E99-A84D-999D7908CF9B}.Release|Any CPU.ActiveCfg = Release|Any CPU
		{373414B3-DA1E-4E99-A84D-999D7908CF9B}.Release|Any CPU.Build.0 = Release|Any CPU
	EndGlobalSection
	GlobalSection(SolutionProperties) = preSolution
		HideSolutionNode = FALSE
	EndGlobalSection
	GlobalSection(ExtensibilityGlobals) = postSolution
		SolutionGuid = {8FBBF189-F5C6-4F7A-AB54-2BB618394C17}
	EndGlobalSection
EndGlobal
